
Microsoft Visual Studio Solution File, Format Version 12.00
# Visual Studio Version 17
VisualStudioVersion = 17.13.35913.81 d17.13
MinimumVisualStudioVersion = 10.0.40219.1
Project("{FAE04EC0-301F-11D3-BF4B-00C04F79EFBC}") = "NZWalkAPI", "NZWalkAPI\NZWalkAPI.csproj", "{69476EA6-F143-4A72-9011-5565F15CCE20}"
EndProject
Global
	GlobalSection(SolutionConfigurationPlatforms) = preSolution
		Debug|Any CPU = Debug|Any CPU
		Release|Any CPU = Release|Any CPU
	EndGlobalSection
	GlobalSection(ProjectConfigurationPlatforms) = postSolution
		{69476EA6-F143-4A72-9011-5565F15CCE20}.Debug|Any CPU.ActiveCfg = Debug|Any CPU
		{69476EA6-F143-4A72-9011-5565F15CCE20}.Debug|Any CPU.Build.0 = Debug|Any CPU
		{69476EA6-F143-4A72-9011-5565F15CCE20}.Release|Any CPU.ActiveCfg = Release|Any CPU
		{69476EA6-F143-4A72-9011-5565F15CCE20}.Release|Any CPU.Build.0 = Release|Any CPU
	EndGlobalSection
	GlobalSection(SolutionProperties) = preSolution
		HideSolutionNode = FALSE
	EndGlobalSection
	GlobalSection(ExtensibilityGlobals) = postSolution
		SolutionGuid = {54539124-35FB-4B8F-9BEE-1272AB3536CC}
	EndGlobalSection
EndGlobal
